// !$*UTF8*$!
{
	archiveVersion = 1;
	classes = {
	};
	objectVersion = 56;
	objects = {

/* Begin PBXBuildFile section */
		924542502BC4187200CC7C90 /* LandmarksApp.swift in Sources */ = {isa = PBXBuildFile; fileRef = 9245424F2BC4187200CC7C90 /* LandmarksApp.swift */; };
		924542522BC4187200CC7C90 /* ContentView.swift in Sources */ = {isa = PBXBuildFile; fileRef = 924542512BC4187200CC7C90 /* ContentView.swift */; };
		924542542BC4187300CC7C90 /* Assets.xcassets in Resources */ = {isa = PBXBuildFile; fileRef = 924542532BC4187300CC7C90 /* Assets.xcassets */; };
		924542582BC4187300CC7C90 /* Preview Assets.xcassets in Resources */ = {isa = PBXBuildFile; fileRef = 924542572BC4187300CC7C90 /* Preview Assets.xcassets */; };
		924542622BC4187300CC7C90 /* LandmarksTests.swift in Sources */ = {isa = PBXBuildFile; fileRef = 924542612BC4187300CC7C90 /* LandmarksTests.swift */; };
		9245426C2BC4187300CC7C90 /* LandmarksUITests.swift in Sources */ = {isa = PBXBuildFile; fileRef = 9245426B2BC4187300CC7C90 /* LandmarksUITests.swift */; };
		9245426E2BC4187300CC7C90 /* LandmarksUITestsLaunchTests.swift in Sources */ = {isa = PBXBuildFile; fileRef = 9245426D2BC4187300CC7C90 /* LandmarksUITestsLaunchTests.swift */; };
		92A7E0C52BCD1EEA00AF8C51 /* CircleImage.swift in Sources */ = {isa = PBXBuildFile; fileRef = 92A7E0C42BCD1EEA00AF8C51 /* CircleImage.swift */; };
		92A7E0C72BCD1FDA00AF8C51 /* MapView.swift in Sources */ = {isa = PBXBuildFile; fileRef = 92A7E0C62BCD1FDA00AF8C51 /* MapView.swift */; };
		92A7E0E42BCD268500AF8C51 /* landmarkData.json in Resources */ = {isa = PBXBuildFile; fileRef = 92A7E0D62BCD268500AF8C51 /* landmarkData.json */; };
		92A7E0E62BCD26F600AF8C51 /* Landmark.swift in Sources */ = {isa = PBXBuildFile; fileRef = 92A7E0E52BCD26F600AF8C51 /* Landmark.swift */; };
		92A7E0E82BCD4C0300AF8C51 /* ModelData.swift in Sources */ = {isa = PBXBuildFile; fileRef = 92A7E0E72BCD4C0300AF8C51 /* ModelData.swift */; };
		92A7E0EE2BCD4FBE00AF8C51 /* LandmarkList.swift in Sources */ = {isa = PBXBuildFile; fileRef = 92A7E0ED2BCD4FBE00AF8C51 /* LandmarkList.swift */; };
		92A7E0F02BCD511B00AF8C51 /* LandmarkDetail.swift in Sources */ = {isa = PBXBuildFile; fileRef = 92A7E0EF2BCD511B00AF8C51 /* LandmarkDetail.swift */; };
		92A7E0F22BCEA6CB00AF8C51 /* FavoriteButton.swift in Sources */ = {isa = PBXBuildFile; fileRef = 92A7E0F12BCEA6CB00AF8C51 /* FavoriteButton.swift */; };
		92A7E0F62BCEA82D00AF8C51 /* LandmarkRow.swift in Sources */ = {isa = PBXBuildFile; fileRef = 92A7E0F52BCEA82D00AF8C51 /* LandmarkRow.swift */; };
		92A7E0F82BCEABBE00AF8C51 /* HexagonParameters.swift in Sources */ = {isa = PBXBuildFile; fileRef = 92A7E0F72BCEABBE00AF8C51 /* HexagonParameters.swift */; };
		92A7E0FA2BCEACCA00AF8C51 /* BadgeBackground.swift in Sources */ = {isa = PBXBuildFile; fileRef = 92A7E0F92BCEACCA00AF8C51 /* BadgeBackground.swift */; };
		92A7E0FC2BCEB20E00AF8C51 /* BadgeSymbol.swift in Sources */ = {isa = PBXBuildFile; fileRef = 92A7E0FB2BCEB20E00AF8C51 /* BadgeSymbol.swift */; };
		92A7E0FE2BCEB2BA00AF8C51 /* RotatedBadgeSymbol.swift in Sources */ = {isa = PBXBuildFile; fileRef = 92A7E0FD2BCEB2BA00AF8C51 /* RotatedBadgeSymbol.swift */; };
		92A7E1002BCEB3AE00AF8C51 /* Badge.swift in Sources */ = {isa = PBXBuildFile; fileRef = 92A7E0FF2BCEB3AE00AF8C51 /* Badge.swift */; };
		92A7E1032BCEB7CC00AF8C51 /* hikeData.json in Resources */ = {isa = PBXBuildFile; fileRef = 92A7E1022BCEB7CC00AF8C51 /* hikeData.json */; };
		92A7E1052BCECAAE00AF8C51 /* Hike.swift in Sources */ = {isa = PBXBuildFile; fileRef = 92A7E1042BCECAAE00AF8C51 /* Hike.swift */; };
		92A7E10B2BCECB1E00AF8C51 /* GraphCapsule.swift in Sources */ = {isa = PBXBuildFile; fileRef = 92A7E1062BCECB1E00AF8C51 /* GraphCapsule.swift */; };
		92A7E10C2BCECB1E00AF8C51 /* HikeDetail.swift in Sources */ = {isa = PBXBuildFile; fileRef = 92A7E1072BCECB1E00AF8C51 /* HikeDetail.swift */; };
		92A7E10D2BCECB1E00AF8C51 /* HikeGraph.swift in Sources */ = {isa = PBXBuildFile; fileRef = 92A7E1082BCECB1E00AF8C51 /* HikeGraph.swift */; };
		92A7E10E2BCECB1E00AF8C51 /* HikeView.swift in Sources */ = {isa = PBXBuildFile; fileRef = 92A7E1092BCECB1E00AF8C51 /* HikeView.swift */; };
		92A7E1112BD2571B00AF8C51 /* CategoryHome.swift in Sources */ = {isa = PBXBuildFile; fileRef = 92A7E1102BD2571B00AF8C51 /* CategoryHome.swift */; };
		92AD2A6A2BD258880064EEF3 /* CategoryRow.swift in Sources */ = {isa = PBXBuildFile; fileRef = 92AD2A692BD258880064EEF3 /* CategoryRow.swift */; };
		92AD2A6C2BD259300064EEF3 /* CategoryItem.swift in Sources */ = {isa = PBXBuildFile; fileRef = 92AD2A6B2BD259300064EEF3 /* CategoryItem.swift */; };
		92AD2A6E2BD261C80064EEF3 /* Profile.swift in Sources */ = {isa = PBXBuildFile; fileRef = 92AD2A6D2BD261C80064EEF3 /* Profile.swift */; };
		92AD2A752BD262C00064EEF3 /* HikeBadge.swift in Sources */ = {isa = PBXBuildFile; fileRef = 92AD2A742BD262C00064EEF3 /* HikeBadge.swift */; };
		92AD2A7A2BD27F880064EEF3 /* PageViewController.swift in Sources */ = {isa = PBXBuildFile; fileRef = 92AD2A792BD27F880064EEF3 /* PageViewController.swift */; };
		92AD2A7C2BD280DE0064EEF3 /* FeatureCard.swift in Sources */ = {isa = PBXBuildFile; fileRef = 92AD2A7B2BD280DE0064EEF3 /* FeatureCard.swift */; };
		92AD2A7E2BD2813A0064EEF3 /* PageView.swift in Sources */ = {isa = PBXBuildFile; fileRef = 92AD2A7D2BD2813A0064EEF3 /* PageView.swift */; };
		92AD2A802BD287740064EEF3 /* PageControl.swift in Sources */ = {isa = PBXBuildFile; fileRef = 92AD2A7F2BD287740064EEF3 /* PageControl.swift */; };
		92AD2A842BD2AE090064EEF3 /* ProfileEditor.swift in Sources */ = {isa = PBXBuildFile; fileRef = 92AD2A812BD2AE090064EEF3 /* ProfileEditor.swift */; };
		92AD2A852BD2AE090064EEF3 /* ProfileSummary.swift in Sources */ = {isa = PBXBuildFile; fileRef = 92AD2A822BD2AE090064EEF3 /* ProfileSummary.swift */; };
		92AD2A862BD2AE090064EEF3 /* ProfileHost.swift in Sources */ = {isa = PBXBuildFile; fileRef = 92AD2A832BD2AE090064EEF3 /* ProfileHost.swift */; };
/* End PBXBuildFile section */

/* Begin PBXContainerItemProxy section */
		9245425E2BC4187300CC7C90 /* PBXContainerItemProxy */ = {
			isa = PBXContainerItemProxy;
			containerPortal = 924542442BC4187200CC7C90 /* Project object */;
			proxyType = 1;
			remoteGlobalIDString = 9245424B2BC4187200CC7C90;
			remoteInfo = Landmarks;
		};
		924542682BC4187300CC7C90 /* PBXContainerItemProxy */ = {
			isa = PBXContainerItemProxy;
			containerPortal = 924542442BC4187200CC7C90 /* Project object */;
			proxyType = 1;
			remoteGlobalIDString = 9245424B2BC4187200CC7C90;
			remoteInfo = Landmarks;
		};
/* End PBXContainerItemProxy section */

/* Begin PBXFileReference section */
		9245424C2BC4187200CC7C90 /* Landmarks.app */ = {isa = PBXFileReference; explicitFileType = wrapper.application; includeInIndex = 0; path = Landmarks.app; sourceTree = BUILT_PRODUCTS_DIR; };
		9245424F2BC4187200CC7C90 /* LandmarksApp.swift */ = {isa = PBXFileReference; lastKnownFileType = sourcecode.swift; path = LandmarksApp.swift; sourceTree = "<group>"; };
		924542512BC4187200CC7C90 /* ContentView.swift */ = {isa = PBXFileReference; lastKnownFileType = sourcecode.swift; path = ContentView.swift; sourceTree = "<group>"; };
		924542532BC4187300CC7C90 /* Assets.xcassets */ = {isa = PBXFileReference; lastKnownFileType = folder.assetcatalog; path = Assets.xcassets; sourceTree = "<group>"; };
		924542552BC4187300CC7C90 /* Landmarks.entitlements */ = {isa = PBXFileReference; lastKnownFileType = text.plist.entitlements; path = Landmarks.entitlements; sourceTree = "<group>"; };
		924542572BC4187300CC7C90 /* Preview Assets.xcassets */ = {isa = PBXFileReference; lastKnownFileType = folder.assetcatalog; path = "Preview Assets.xcassets"; sourceTree = "<group>"; };
		9245425D2BC4187300CC7C90 /* LandmarksTests.xctest */ = {isa = PBXFileReference; explicitFileType = wrapper.cfbundle; includeInIndex = 0; path = LandmarksTests.xctest; sourceTree = BUILT_PRODUCTS_DIR; };
		924542612BC4187300CC7C90 /* LandmarksTests.swift */ = {isa = PBXFileReference; lastKnownFileType = sourcecode.swift; path = LandmarksTests.swift; sourceTree = "<group>"; };
		924542672BC4187300CC7C90 /* LandmarksUITests.xctest */ = {isa = PBXFileReference; explicitFileType = wrapper.cfbundle; includeInIndex = 0; path = LandmarksUITests.xctest; sourceTree = BUILT_PRODUCTS_DIR; };
		9245426B2BC4187300CC7C90 /* LandmarksUITests.swift */ = {isa = PBXFileReference; lastKnownFileType = sourcecode.swift; path = LandmarksUITests.swift; sourceTree = "<group>"; };
		9245426D2BC4187300CC7C90 /* LandmarksUITestsLaunchTests.swift */ = {isa = PBXFileReference; lastKnownFileType = sourcecode.swift; path = LandmarksUITestsLaunchTests.swift; sourceTree = "<group>"; };
		92A7E0C42BCD1EEA00AF8C51 /* CircleImage.swift */ = {isa = PBXFileReference; lastKnownFileType = sourcecode.swift; path = CircleImage.swift; sourceTree = "<group>"; };
		92A7E0C62BCD1FDA00AF8C51 /* MapView.swift */ = {isa = PBXFileReference; lastKnownFileType = sourcecode.swift; path = MapView.swift; sourceTree = "<group>"; };
		92A7E0D62BCD268500AF8C51 /* landmarkData.json */ = {isa = PBXFileReference; fileEncoding = 4; lastKnownFileType = text.json; path = landmarkData.json; sourceTree = "<group>"; };
		92A7E0E52BCD26F600AF8C51 /* Landmark.swift */ = {isa = PBXFileReference; lastKnownFileType = sourcecode.swift; path = Landmark.swift; sourceTree = "<group>"; };
		92A7E0E72BCD4C0300AF8C51 /* ModelData.swift */ = {isa = PBXFileReference; lastKnownFileType = sourcecode.swift; path = ModelData.swift; sourceTree = "<group>"; };
		92A7E0ED2BCD4FBE00AF8C51 /* LandmarkList.swift */ = {isa = PBXFileReference; lastKnownFileType = sourcecode.swift; path = LandmarkList.swift; sourceTree = "<group>"; };
		92A7E0EF2BCD511B00AF8C51 /* LandmarkDetail.swift */ = {isa = PBXFileReference; lastKnownFileType = sourcecode.swift; path = LandmarkDetail.swift; sourceTree = "<group>"; };
		92A7E0F12BCEA6CB00AF8C51 /* FavoriteButton.swift */ = {isa = PBXFileReference; lastKnownFileType = sourcecode.swift; path = FavoriteButton.swift; sourceTree = "<group>"; };
		92A7E0F52BCEA82D00AF8C51 /* LandmarkRow.swift */ = {isa = PBXFileReference; fileEncoding = 4; lastKnownFileType = sourcecode.swift; path = LandmarkRow.swift; sourceTree = "<group>"; };
		92A7E0F72BCEABBE00AF8C51 /* HexagonParameters.swift */ = {isa = PBXFileReference; lastKnownFileType = sourcecode.swift; path = HexagonParameters.swift; sourceTree = "<group>"; };
		92A7E0F92BCEACCA00AF8C51 /* BadgeBackground.swift */ = {isa = PBXFileReference; lastKnownFileType = sourcecode.swift; path = BadgeBackground.swift; sourceTree = "<group>"; };
		92A7E0FB2BCEB20E00AF8C51 /* BadgeSymbol.swift */ = {isa = PBXFileReference; lastKnownFileType = sourcecode.swift; path = BadgeSymbol.swift; sourceTree = "<group>"; };
		92A7E0FD2BCEB2BA00AF8C51 /* RotatedBadgeSymbol.swift */ = {isa = PBXFileReference; lastKnownFileType = sourcecode.swift; path = RotatedBadgeSymbol.swift; sourceTree = "<group>"; };
		92A7E0FF2BCEB3AE00AF8C51 /* Badge.swift */ = {isa = PBXFileReference; lastKnownFileType = sourcecode.swift; path = Badge.swift; sourceTree = "<group>"; };
		92A7E1022BCEB7CC00AF8C51 /* hikeData.json */ = {isa = PBXFileReference; fileEncoding = 4; lastKnownFileType = text.json; path = hikeData.json; sourceTree = "<group>"; };
		92A7E1042BCECAAE00AF8C51 /* Hike.swift */ = {isa = PBXFileReference; lastKnownFileType = sourcecode.swift; path = Hike.swift; sourceTree = "<group>"; };
		92A7E1062BCECB1E00AF8C51 /* GraphCapsule.swift */ = {isa = PBXFileReference; fileEncoding = 4; lastKnownFileType = sourcecode.swift; path = GraphCapsule.swift; sourceTree = "<group>"; };
		92A7E1072BCECB1E00AF8C51 /* HikeDetail.swift */ = {isa = PBXFileReference; fileEncoding = 4; lastKnownFileType = sourcecode.swift; path = HikeDetail.swift; sourceTree = "<group>"; };
		92A7E1082BCECB1E00AF8C51 /* HikeGraph.swift */ = {isa = PBXFileReference; fileEncoding = 4; lastKnownFileType = sourcecode.swift; path = HikeGraph.swift; sourceTree = "<group>"; };
		92A7E1092BCECB1E00AF8C51 /* HikeView.swift */ = {isa = PBXFileReference; fileEncoding = 4; lastKnownFileType = sourcecode.swift; path = HikeView.swift; sourceTree = "<group>"; };
		92A7E1102BD2571B00AF8C51 /* CategoryHome.swift */ = {isa = PBXFileReference; lastKnownFileType = sourcecode.swift; path = CategoryHome.swift; sourceTree = "<group>"; };
		92AD2A692BD258880064EEF3 /* CategoryRow.swift */ = {isa = PBXFileReference; lastKnownFileType = sourcecode.swift; path = CategoryRow.swift; sourceTree = "<group>"; };
		92AD2A6B2BD259300064EEF3 /* CategoryItem.swift */ = {isa = PBXFileReference; lastKnownFileType = sourcecode.swift; path = CategoryItem.swift; sourceTree = "<group>"; };
		92AD2A6D2BD261C80064EEF3 /* Profile.swift */ = {isa = PBXFileReference; lastKnownFileType = sourcecode.swift; path = Profile.swift; sourceTree = "<group>"; };
		92AD2A742BD262C00064EEF3 /* HikeBadge.swift */ = {isa = PBXFileReference; lastKnownFileType = sourcecode.swift; path = HikeBadge.swift; sourceTree = "<group>"; };
		92AD2A792BD27F880064EEF3 /* PageViewController.swift */ = {isa = PBXFileReference; lastKnownFileType = sourcecode.swift; path = PageViewController.swift; sourceTree = "<group>"; };
		92AD2A7B2BD280DE0064EEF3 /* FeatureCard.swift */ = {isa = PBXFileReference; lastKnownFileType = sourcecode.swift; path = FeatureCard.swift; sourceTree = "<group>"; };
		92AD2A7D2BD2813A0064EEF3 /* PageView.swift */ = {isa = PBXFileReference; lastKnownFileType = sourcecode.swift; path = PageView.swift; sourceTree = "<group>"; };
		92AD2A7F2BD287740064EEF3 /* PageControl.swift */ = {isa = PBXFileReference; lastKnownFileType = sourcecode.swift; path = PageControl.swift; sourceTree = "<group>"; };
		92AD2A812BD2AE090064EEF3 /* ProfileEditor.swift */ = {isa = PBXFileReference; fileEncoding = 4; lastKnownFileType = sourcecode.swift; name = ProfileEditor.swift; path = Landmarks/Views/Profiles/ProfileEditor.swift; sourceTree = SOURCE_ROOT; };
		92AD2A822BD2AE090064EEF3 /* ProfileSummary.swift */ = {isa = PBXFileReference; fileEncoding = 4; lastKnownFileType = sourcecode.swift; name = ProfileSummary.swift; path = Landmarks/Views/Profiles/ProfileSummary.swift; sourceTree = SOURCE_ROOT; };
		92AD2A832BD2AE090064EEF3 /* ProfileHost.swift */ = {isa = PBXFileReference; fileEncoding = 4; lastKnownFileType = sourcecode.swift; name = ProfileHost.swift; path = Landmarks/Views/Profiles/ProfileHost.swift; sourceTree = SOURCE_ROOT; };
/* End PBXFileReference section */

/* Begin PBXFrameworksBuildPhase section */
		924542492BC4187200CC7C90 /* Frameworks */ = {
			isa = PBXFrameworksBuildPhase;
			buildActionMask = 2147483647;
			files = (
			);
			runOnlyForDeploymentPostprocessing = 0;
		};
		9245425A2BC4187300CC7C90 /* Frameworks */ = {
			isa = PBXFrameworksBuildPhase;
			buildActionMask = 2147483647;
			files = (
			);
			runOnlyForDeploymentPostprocessing = 0;
		};
		924542642BC4187300CC7C90 /* Frameworks */ = {
			isa = PBXFrameworksBuildPhase;
			buildActionMask = 2147483647;
			files = (
			);
			runOnlyForDeploymentPostprocessing = 0;
		};
/* End PBXFrameworksBuildPhase section */

/* Begin PBXGroup section */
		924542432BC4187200CC7C90 = {
			isa = PBXGroup;
			children = (
				9245424E2BC4187200CC7C90 /* Landmarks */,
				924542602BC4187300CC7C90 /* LandmarksTests */,
				9245426A2BC4187300CC7C90 /* LandmarksUITests */,
				9245424D2BC4187200CC7C90 /* Products */,
			);
			sourceTree = "<group>";
		};
		9245424D2BC4187200CC7C90 /* Products */ = {
			isa = PBXGroup;
			children = (
				9245424C2BC4187200CC7C90 /* Landmarks.app */,
				9245425D2BC4187300CC7C90 /* LandmarksTests.xctest */,
				924542672BC4187300CC7C90 /* LandmarksUITests.xctest */,
			);
			name = Products;
			sourceTree = "<group>";
		};
		9245424E2BC4187200CC7C90 /* Landmarks */ = {
			isa = PBXGroup;
			children = (
				92A7E0EA2BCD4C7600AF8C51 /* Model */,
				92A7E0E92BCD4C5700AF8C51 /* Views */,
				92A7E0D72BCD268500AF8C51 /* Resources */,
				9245424F2BC4187200CC7C90 /* LandmarksApp.swift */,
				924542532BC4187300CC7C90 /* Assets.xcassets */,
				924542552BC4187300CC7C90 /* Landmarks.entitlements */,
				924542562BC4187300CC7C90 /* Preview Content */,
			);
			path = Landmarks;
			sourceTree = "<group>";
		};
		924542562BC4187300CC7C90 /* Preview Content */ = {
			isa = PBXGroup;
			children = (
				924542572BC4187300CC7C90 /* Preview Assets.xcassets */,
			);
			path = "Preview Content";
			sourceTree = "<group>";
		};
		924542602BC4187300CC7C90 /* LandmarksTests */ = {
			isa = PBXGroup;
			children = (
				924542612BC4187300CC7C90 /* LandmarksTests.swift */,
			);
			path = LandmarksTests;
			sourceTree = "<group>";
		};
		9245426A2BC4187300CC7C90 /* LandmarksUITests */ = {
			isa = PBXGroup;
			children = (
				9245426B2BC4187300CC7C90 /* LandmarksUITests.swift */,
				9245426D2BC4187300CC7C90 /* LandmarksUITestsLaunchTests.swift */,
			);
			path = LandmarksUITests;
			sourceTree = "<group>";
		};
		92A7E0D72BCD268500AF8C51 /* Resources */ = {
			isa = PBXGroup;
			children = (
				92A7E1022BCEB7CC00AF8C51 /* hikeData.json */,
				92A7E0D62BCD268500AF8C51 /* landmarkData.json */,
			);
			path = Resources;
			sourceTree = "<group>";
		};
		92A7E0E92BCD4C5700AF8C51 /* Views */ = {
			isa = PBXGroup;
			children = (
				92AD2A782BD27F640064EEF3 /* PageView */,
				92AD2A6F2BD261FF0064EEF3 /* Profiles  */,
				92A7E10F2BD2570900AF8C51 /* Categories */,
				92A7E10A2BCECB1E00AF8C51 /* Hikes */,
				92A7E0F42BCEA78700AF8C51 /* Landmarks */,
				92A7E0F32BCEA77C00AF8C51 /* Helper */,
				924542512BC4187200CC7C90 /* ContentView.swift */,
				92A7E1012BCEB46500AF8C51 /* Badges */,
			);
			path = Views;
			sourceTree = "<group>";
		};
		92A7E0EA2BCD4C7600AF8C51 /* Model */ = {
			isa = PBXGroup;
			children = (
				92A7E0E72BCD4C0300AF8C51 /* ModelData.swift */,
				92A7E0E52BCD26F600AF8C51 /* Landmark.swift */,
				92A7E1042BCECAAE00AF8C51 /* Hike.swift */,
				92AD2A6D2BD261C80064EEF3 /* Profile.swift */,
			);
			path = Model;
			sourceTree = "<group>";
		};
		92A7E0F32BCEA77C00AF8C51 /* Helper */ = {
			isa = PBXGroup;
			children = (
				92A7E0C62BCD1FDA00AF8C51 /* MapView.swift */,
				92A7E0C42BCD1EEA00AF8C51 /* CircleImage.swift */,
				92A7E0F12BCEA6CB00AF8C51 /* FavoriteButton.swift */,
			);
			path = Helper;
			sourceTree = "<group>";
		};
		92A7E0F42BCEA78700AF8C51 /* Landmarks */ = {
			isa = PBXGroup;
			children = (
				92A7E0F52BCEA82D00AF8C51 /* LandmarkRow.swift */,
				92A7E0ED2BCD4FBE00AF8C51 /* LandmarkList.swift */,
				92A7E0EF2BCD511B00AF8C51 /* LandmarkDetail.swift */,
				92AD2A7B2BD280DE0064EEF3 /* FeatureCard.swift */,
			);
			path = Landmarks;
			sourceTree = "<group>";
		};
		92A7E1012BCEB46500AF8C51 /* Badges */ = {
			isa = PBXGroup;
			children = (
				92A7E0F72BCEABBE00AF8C51 /* HexagonParameters.swift */,
				92A7E0F92BCEACCA00AF8C51 /* BadgeBackground.swift */,
				92A7E0FB2BCEB20E00AF8C51 /* BadgeSymbol.swift */,
				92A7E0FD2BCEB2BA00AF8C51 /* RotatedBadgeSymbol.swift */,
				92A7E0FF2BCEB3AE00AF8C51 /* Badge.swift */,
			);
			path = Badges;
			sourceTree = "<group>";
		};
		92A7E10A2BCECB1E00AF8C51 /* Hikes */ = {
			isa = PBXGroup;
			children = (
				92A7E1062BCECB1E00AF8C51 /* GraphCapsule.swift */,
				92A7E1072BCECB1E00AF8C51 /* HikeDetail.swift */,
				92A7E1082BCECB1E00AF8C51 /* HikeGraph.swift */,
				92A7E1092BCECB1E00AF8C51 /* HikeView.swift */,
				92AD2A742BD262C00064EEF3 /* HikeBadge.swift */,
			);
			path = Hikes;
			sourceTree = "<group>";
		};
		92A7E10F2BD2570900AF8C51 /* Categories */ = {
			isa = PBXGroup;
			children = (
				92A7E1102BD2571B00AF8C51 /* CategoryHome.swift */,
				92AD2A692BD258880064EEF3 /* CategoryRow.swift */,
				92AD2A6B2BD259300064EEF3 /* CategoryItem.swift */,
			);
			path = Categories;
			sourceTree = "<group>";
		};
		92AD2A6F2BD261FF0064EEF3 /* Profiles  */ = {
			isa = PBXGroup;
			children = (
				92AD2A812BD2AE090064EEF3 /* ProfileEditor.swift */,
				92AD2A832BD2AE090064EEF3 /* ProfileHost.swift */,
				92AD2A822BD2AE090064EEF3 /* ProfileSummary.swift */,
			);
			path = "Profiles ";
			sourceTree = "<group>";
		};
		92AD2A782BD27F640064EEF3 /* PageView */ = {
			isa = PBXGroup;
			children = (
				92AD2A792BD27F880064EEF3 /* PageViewController.swift */,
				92AD2A7D2BD2813A0064EEF3 /* PageView.swift */,
				92AD2A7F2BD287740064EEF3 /* PageControl.swift */,
			);
			path = PageView;
			sourceTree = "<group>";
		};
/* End PBXGroup section */

/* Begin PBXNativeTarget section */
		9245424B2BC4187200CC7C90 /* Landmarks */ = {
			isa = PBXNativeTarget;
			buildConfigurationList = 924542712BC4187300CC7C90 /* Build configuration list for PBXNativeTarget "Landmarks" */;
			buildPhases = (
				924542482BC4187200CC7C90 /* Sources */,
				924542492BC4187200CC7C90 /* Frameworks */,
				9245424A2BC4187200CC7C90 /* Resources */,
			);
			buildRules = (
			);
			dependencies = (
			);
			name = Landmarks;
			productName = Landmarks;
			productReference = 9245424C2BC4187200CC7C90 /* Landmarks.app */;
			productType = "com.apple.product-type.application";
		};
		9245425C2BC4187300CC7C90 /* LandmarksTests */ = {
			isa = PBXNativeTarget;
			buildConfigurationList = 924542742BC4187300CC7C90 /* Build configuration list for PBXNativeTarget "LandmarksTests" */;
			buildPhases = (
				924542592BC4187300CC7C90 /* Sources */,
				9245425A2BC4187300CC7C90 /* Frameworks */,
				9245425B2BC4187300CC7C90 /* Resources */,
			);
			buildRules = (
			);
			dependencies = (
				9245425F2BC4187300CC7C90 /* PBXTargetDependency */,
			);
			name = LandmarksTests;
			productName = LandmarksTests;
			productReference = 9245425D2BC4187300CC7C90 /* LandmarksTests.xctest */;
			productType = "com.apple.product-type.bundle.unit-test";
		};
		924542662BC4187300CC7C90 /* LandmarksUITests */ = {
			isa = PBXNativeTarget;
			buildConfigurationList = 924542772BC4187300CC7C90 /* Build configuration list for PBXNativeTarget "LandmarksUITests" */;
			buildPhases = (
				924542632BC4187300CC7C90 /* Sources */,
				924542642BC4187300CC7C90 /* Frameworks */,
				924542652BC4187300CC7C90 /* Resources */,
			);
			buildRules = (
			);
			dependencies = (
				924542692BC4187300CC7C90 /* PBXTargetDependency */,
			);
			name = LandmarksUITests;
			productName = LandmarksUITests;
			productReference = 924542672BC4187300CC7C90 /* LandmarksUITests.xctest */;
			productType = "com.apple.product-type.bundle.ui-testing";
		};
/* End PBXNativeTarget section */

/* Begin PBXProject section */
		924542442BC4187200CC7C90 /* Project object */ = {
			isa = PBXProject;
			attributes = {
				BuildIndependentTargetsInParallel = 1;
				LastSwiftUpdateCheck = 1530;
				LastUpgradeCheck = 1530;
				TargetAttributes = {
					9245424B2BC4187200CC7C90 = {
						CreatedOnToolsVersion = 15.3;
					};
					9245425C2BC4187300CC7C90 = {
						CreatedOnToolsVersion = 15.3;
						TestTargetID = 9245424B2BC4187200CC7C90;
					};
					924542662BC4187300CC7C90 = {
						CreatedOnToolsVersion = 15.3;
						TestTargetID = 9245424B2BC4187200CC7C90;
					};
				};
			};
			buildConfigurationList = 924542472BC4187200CC7C90 /* Build configuration list for PBXProject "Landmarks" */;
			compatibilityVersion = "Xcode 14.0";
			developmentRegion = en;
			hasScannedForEncodings = 0;
			knownRegions = (
				en,
				Base,
			);
			mainGroup = 924542432BC4187200CC7C90;
			productRefGroup = 9245424D2BC4187200CC7C90 /* Products */;
			projectDirPath = "";
			projectRoot = "";
			targets = (
				9245424B2BC4187200CC7C90 /* Landmarks */,
				9245425C2BC4187300CC7C90 /* LandmarksTests */,
				924542662BC4187300CC7C90 /* LandmarksUITests */,
			);
		};
/* End PBXProject section */

/* Begin PBXResourcesBuildPhase section */
		9245424A2BC4187200CC7C90 /* Resources */ = {
			isa = PBXResourcesBuildPhase;
			buildActionMask = 2147483647;
			files = (
				92A7E1032BCEB7CC00AF8C51 /* hikeData.json in Resources */,
				924542582BC4187300CC7C90 /* Preview Assets.xcassets in Resources */,
				924542542BC4187300CC7C90 /* Assets.xcassets in Resources */,
				92A7E0E42BCD268500AF8C51 /* landmarkData.json in Resources */,
			);
			runOnlyForDeploymentPostprocessing = 0;
		};
		9245425B2BC4187300CC7C90 /* Resources */ = {
			isa = PBXResourcesBuildPhase;
			buildActionMask = 2147483647;
			files = (
			);
			runOnlyForDeploymentPostprocessing = 0;
		};
		924542652BC4187300CC7C90 /* Resources */ = {
			isa = PBXResourcesBuildPhase;
			buildActionMask = 2147483647;
			files = (
			);
			runOnlyForDeploymentPostprocessing = 0;
		};
/* End PBXResourcesBuildPhase section */

/* Begin PBXSourcesBuildPhase section */
		924542482BC4187200CC7C90 /* Sources */ = {
			isa = PBXSourcesBuildPhase;
			buildActionMask = 2147483647;
			files = (
				92AD2A6A2BD258880064EEF3 /* CategoryRow.swift in Sources */,
				92AD2A6E2BD261C80064EEF3 /* Profile.swift in Sources */,
				924542522BC4187200CC7C90 /* ContentView.swift in Sources */,
				92A7E1112BD2571B00AF8C51 /* CategoryHome.swift in Sources */,
				92AD2A7C2BD280DE0064EEF3 /* FeatureCard.swift in Sources */,
				92A7E1002BCEB3AE00AF8C51 /* Badge.swift in Sources */,
				92A7E0C72BCD1FDA00AF8C51 /* MapView.swift in Sources */,
				92A7E10B2BCECB1E00AF8C51 /* GraphCapsule.swift in Sources */,
				92A7E10D2BCECB1E00AF8C51 /* HikeGraph.swift in Sources */,
				924542502BC4187200CC7C90 /* LandmarksApp.swift in Sources */,
				92AD2A802BD287740064EEF3 /* PageControl.swift in Sources */,
				92A7E0F22BCEA6CB00AF8C51 /* FavoriteButton.swift in Sources */,
				92AD2A852BD2AE090064EEF3 /* ProfileSummary.swift in Sources */,
				92AD2A6C2BD259300064EEF3 /* CategoryItem.swift in Sources */,
				92A7E0F82BCEABBE00AF8C51 /* HexagonParameters.swift in Sources */,
				92A7E1052BCECAAE00AF8C51 /* Hike.swift in Sources */,
				92A7E0FE2BCEB2BA00AF8C51 /* RotatedBadgeSymbol.swift in Sources */,
				92A7E0FC2BCEB20E00AF8C51 /* BadgeSymbol.swift in Sources */,
				92AD2A7E2BD2813A0064EEF3 /* PageView.swift in Sources */,
				92A7E0EE2BCD4FBE00AF8C51 /* LandmarkList.swift in Sources */,
				92AD2A862BD2AE090064EEF3 /* ProfileHost.swift in Sources */,
				92A7E10C2BCECB1E00AF8C51 /* HikeDetail.swift in Sources */,
				92A7E10E2BCECB1E00AF8C51 /* HikeView.swift in Sources */,
				92A7E0F02BCD511B00AF8C51 /* LandmarkDetail.swift in Sources */,
				92AD2A7A2BD27F880064EEF3 /* PageViewController.swift in Sources */,
				92A7E0FA2BCEACCA00AF8C51 /* BadgeBackground.swift in Sources */,
				92AD2A752BD262C00064EEF3 /* HikeBadge.swift in Sources */,
				92A7E0C52BCD1EEA00AF8C51 /* CircleImage.swift in Sources */,
				92AD2A842BD2AE090064EEF3 /* ProfileEditor.swift in Sources */,
				92A7E0E62BCD26F600AF8C51 /* Landmark.swift in Sources */,
				92A7E0F62BCEA82D00AF8C51 /* LandmarkRow.swift in Sources */,
				92A7E0E82BCD4C0300AF8C51 /* ModelData.swift in Sources */,
			);
			runOnlyForDeploymentPostprocessing = 0;
		};
		924542592BC4187300CC7C90 /* Sources */ = {
			isa = PBXSourcesBuildPhase;
			buildActionMask = 2147483647;
			files = (
				924542622BC4187300CC7C90 /* LandmarksTests.swift in Sources */,
			);
			runOnlyForDeploymentPostprocessing = 0;
		};
		924542632BC4187300CC7C90 /* Sources */ = {
			isa = PBXSourcesBuildPhase;
			buildActionMask = 2147483647;
			files = (
				9245426E2BC4187300CC7C90 /* LandmarksUITestsLaunchTests.swift in Sources */,
				9245426C2BC4187300CC7C90 /* LandmarksUITests.swift in Sources */,
			);
			runOnlyForDeploymentPostprocessing = 0;
		};
/* End PBXSourcesBuildPhase section */

/* Begin PBXTargetDependency section */
		9245425F2BC4187300CC7C90 /* PBXTargetDependency */ = {
			isa = PBXTargetDependency;
			target = 9245424B2BC4187200CC7C90 /* Landmarks */;
			targetProxy = 9245425E2BC4187300CC7C90 /* PBXContainerItemProxy */;
		};
		924542692BC4187300CC7C90 /* PBXTargetDependency */ = {
			isa = PBXTargetDependency;
			target = 9245424B2BC4187200CC7C90 /* Landmarks */;
			targetProxy = 924542682BC4187300CC7C90 /* PBXContainerItemProxy */;
		};
/* End PBXTargetDependency section */

/* Begin XCBuildConfiguration section */
		9245426F2BC4187300CC7C90 /* Debug */ = {
			isa = XCBuildConfiguration;
			buildSettings = {
				ALWAYS_SEARCH_USER_PATHS = NO;
				ASSETCATALOG_COMPILER_GENERATE_SWIFT_ASSET_SYMBOL_EXTENSIONS = YES;
				CLANG_ANALYZER_NONNULL = YES;
				CLANG_ANALYZER_NUMBER_OBJECT_CONVERSION = YES_AGGRESSIVE;
				CLANG_CXX_LANGUAGE_STANDARD = "gnu++20";
				CLANG_ENABLE_MODULES = YES;
				CLANG_ENABLE_OBJC_ARC = YES;
				CLANG_ENABLE_OBJC_WEAK = YES;
				CLANG_WARN_BLOCK_CAPTURE_AUTORELEASING = YES;
				CLANG_WARN_BOOL_CONVERSION = YES;
				CLANG_WARN_COMMA = YES;
				CLANG_WARN_CONSTANT_CONVERSION = YES;
				CLANG_WARN_DEPRECATED_OBJC_IMPLEMENTATIONS = YES;
				CLANG_WARN_DIRECT_OBJC_ISA_USAGE = YES_ERROR;
				CLANG_WARN_DOCUMENTATION_COMMENTS = YES;
				CLANG_WARN_EMPTY_BODY = YES;
				CLANG_WARN_ENUM_CONVERSION = YES;
				CLANG_WARN_INFINITE_RECURSION = YES;
				CLANG_WARN_INT_CONVERSION = YES;
				CLANG_WARN_NON_LITERAL_NULL_CONVERSION = YES;
				CLANG_WARN_OBJC_IMPLICIT_RETAIN_SELF = YES;
				CLANG_WARN_OBJC_LITERAL_CONVERSION = YES;
				CLANG_WARN_OBJC_ROOT_CLASS = YES_ERROR;
				CLANG_WARN_QUOTED_INCLUDE_IN_FRAMEWORK_HEADER = YES;
				CLANG_WARN_RANGE_LOOP_ANALYSIS = YES;
				CLANG_WARN_STRICT_PROTOTYPES = YES;
				CLANG_WARN_SUSPICIOUS_MOVE = YES;
				CLANG_WARN_UNGUARDED_AVAILABILITY = YES_AGGRESSIVE;
				CLANG_WARN_UNREACHABLE_CODE = YES;
				CLANG_WARN__DUPLICATE_METHOD_MATCH = YES;
				COPY_PHASE_STRIP = NO;
				DEBUG_INFORMATION_FORMAT = dwarf;
				ENABLE_STRICT_OBJC_MSGSEND = YES;
				ENABLE_TESTABILITY = YES;
				ENABLE_USER_SCRIPT_SANDBOXING = YES;
				GCC_C_LANGUAGE_STANDARD = gnu17;
				GCC_DYNAMIC_NO_PIC = NO;
				GCC_NO_COMMON_BLOCKS = YES;
				GCC_OPTIMIZATION_LEVEL = 0;
				GCC_PREPROCESSOR_DEFINITIONS = (
					"DEBUG=1",
					"$(inherited)",
				);
				GCC_WARN_64_TO_32_BIT_CONVERSION = YES;
				GCC_WARN_ABOUT_RETURN_TYPE = YES_ERROR;
				GCC_WARN_UNDECLARED_SELECTOR = YES;
				GCC_WARN_UNINITIALIZED_AUTOS = YES_AGGRESSIVE;
				GCC_WARN_UNUSED_FUNCTION = YES;
				GCC_WARN_UNUSED_VARIABLE = YES;
				LOCALIZATION_PREFERS_STRING_CATALOGS = YES;
				MTL_ENABLE_DEBUG_INFO = INCLUDE_SOURCE;
				MTL_FAST_MATH = YES;
				ONLY_ACTIVE_ARCH = YES;
				SWIFT_ACTIVE_COMPILATION_CONDITIONS = "DEBUG $(inherited)";
				SWIFT_OPTIMIZATION_LEVEL = "-Onone";
			};
			name = Debug;
		};
		924542702BC4187300CC7C90 /* Release */ = {
			isa = XCBuildConfiguration;
			buildSettings = {
				ALWAYS_SEARCH_USER_PATHS = NO;
				ASSETCATALOG_COMPILER_GENERATE_SWIFT_ASSET_SYMBOL_EXTENSIONS = YES;
				CLANG_ANALYZER_NONNULL = YES;
				CLANG_ANALYZER_NUMBER_OBJECT_CONVERSION = YES_AGGRESSIVE;
				CLANG_CXX_LANGUAGE_STANDARD = "gnu++20";
				CLANG_ENABLE_MODULES = YES;
				CLANG_ENABLE_OBJC_ARC = YES;
				CLANG_ENABLE_OBJC_WEAK = YES;
				CLANG_WARN_BLOCK_CAPTURE_AUTORELEASING = YES;
				CLANG_WARN_BOOL_CONVERSION = YES;
				CLANG_WARN_COMMA = YES;
				CLANG_WARN_CONSTANT_CONVERSION = YES;
				CLANG_WARN_DEPRECATED_OBJC_IMPLEMENTATIONS = YES;
				CLANG_WARN_DIRECT_OBJC_ISA_USAGE = YES_ERROR;
				CLANG_WARN_DOCUMENTATION_COMMENTS = YES;
				CLANG_WARN_EMPTY_BODY = YES;
				CLANG_WARN_ENUM_CONVERSION = YES;
				CLANG_WARN_INFINITE_RECURSION = YES;
				CLANG_WARN_INT_CONVERSION = YES;
				CLANG_WARN_NON_LITERAL_NULL_CONVERSION = YES;
				CLANG_WARN_OBJC_IMPLICIT_RETAIN_SELF = YES;
				CLANG_WARN_OBJC_LITERAL_CONVERSION = YES;
				CLANG_WARN_OBJC_ROOT_CLASS = YES_ERROR;
				CLANG_WARN_QUOTED_INCLUDE_IN_FRAMEWORK_HEADER = YES;
				CLANG_WARN_RANGE_LOOP_ANALYSIS = YES;
				CLANG_WARN_STRICT_PROTOTYPES = YES;
				CLANG_WARN_SUSPICIOUS_MOVE = YES;
				CLANG_WARN_UNGUARDED_AVAILABILITY = YES_AGGRESSIVE;
				CLANG_WARN_UNREACHABLE_CODE = YES;
				CLANG_WARN__DUPLICATE_METHOD_MATCH = YES;
				COPY_PHASE_STRIP = NO;
				DEBUG_INFORMATION_FORMAT = "dwarf-with-dsym";
				ENABLE_NS_ASSERTIONS = NO;
				ENABLE_STRICT_OBJC_MSGSEND = YES;
				ENABLE_USER_SCRIPT_SANDBOXING = YES;
				GCC_C_LANGUAGE_STANDARD = gnu17;
				GCC_NO_COMMON_BLOCKS = YES;
				GCC_WARN_64_TO_32_BIT_CONVERSION = YES;
				GCC_WARN_ABOUT_RETURN_TYPE = YES_ERROR;
				GCC_WARN_UNDECLARED_SELECTOR = YES;
				GCC_WARN_UNINITIALIZED_AUTOS = YES_AGGRESSIVE;
				GCC_WARN_UNUSED_FUNCTION = YES;
				GCC_WARN_UNUSED_VARIABLE = YES;
				LOCALIZATION_PREFERS_STRING_CATALOGS = YES;
				MTL_ENABLE_DEBUG_INFO = NO;
				MTL_FAST_MATH = YES;
				SWIFT_COMPILATION_MODE = wholemodule;
			};
			name = Release;
		};
		924542722BC4187300CC7C90 /* Debug */ = {
			isa = XCBuildConfiguration;
			buildSettings = {
				ASSETCATALOG_COMPILER_APPICON_NAME = AppIcon;
				ASSETCATALOG_COMPILER_GLOBAL_ACCENT_COLOR_NAME = AccentColor;
				CODE_SIGN_ENTITLEMENTS = Landmarks/Landmarks.entitlements;
				CODE_SIGN_STYLE = Automatic;
				CURRENT_PROJECT_VERSION = 1;
				DEVELOPMENT_ASSET_PATHS = "\"Landmarks/Preview Content\"";
				ENABLE_PREVIEWS = YES;
				GENERATE_INFOPLIST_FILE = YES;
				"INFOPLIST_KEY_UIApplicationSceneManifest_Generation[sdk=iphoneos*]" = YES;
				"INFOPLIST_KEY_UIApplicationSceneManifest_Generation[sdk=iphonesimulator*]" = YES;
				"INFOPLIST_KEY_UIApplicationSupportsIndirectInputEvents[sdk=iphoneos*]" = YES;
				"INFOPLIST_KEY_UIApplicationSupportsIndirectInputEvents[sdk=iphonesimulator*]" = YES;
				"INFOPLIST_KEY_UILaunchScreen_Generation[sdk=iphoneos*]" = YES;
				"INFOPLIST_KEY_UILaunchScreen_Generation[sdk=iphonesimulator*]" = YES;
				"INFOPLIST_KEY_UIStatusBarStyle[sdk=iphoneos*]" = UIStatusBarStyleDefault;
				"INFOPLIST_KEY_UIStatusBarStyle[sdk=iphonesimulator*]" = UIStatusBarStyleDefault;
				INFOPLIST_KEY_UISupportedInterfaceOrientations_iPad = "UIInterfaceOrientationPortrait UIInterfaceOrientationPortraitUpsideDown UIInterfaceOrientationLandscapeLeft UIInterfaceOrientationLandscapeRight";
				INFOPLIST_KEY_UISupportedInterfaceOrientations_iPhone = "UIInterfaceOrientationPortrait UIInterfaceOrientationLandscapeLeft UIInterfaceOrientationLandscapeRight";
				IPHONEOS_DEPLOYMENT_TARGET = 17.4;
				LD_RUNPATH_SEARCH_PATHS = "@executable_path/Frameworks";
				"LD_RUNPATH_SEARCH_PATHS[sdk=macosx*]" = "@executable_path/../Frameworks";
				MACOSX_DEPLOYMENT_TARGET = 14.4;
				MARKETING_VERSION = 1.0;
				PRODUCT_BUNDLE_IDENTIFIER = com.training.Landmarks;
				PRODUCT_NAME = "$(TARGET_NAME)";
				SDKROOT = auto;
				SUPPORTED_PLATFORMS = "iphoneos iphonesimulator macosx";
				SWIFT_EMIT_LOC_STRINGS = YES;
				SWIFT_VERSION = 5.0;
				TARGETED_DEVICE_FAMILY = "1,2";
			};
			name = Debug;
		};
		924542732BC4187300CC7C90 /* Release */ = {
			isa = XCBuildConfiguration;
			buildSettings = {
				ASSETCATALOG_COMPILER_APPICON_NAME = AppIcon;
				ASSETCATALOG_COMPILER_GLOBAL_ACCENT_COLOR_NAME = AccentColor;
				CODE_SIGN_ENTITLEMENTS = Landmarks/Landmarks.entitlements;
				CODE_SIGN_STYLE = Automatic;
				CURRENT_PROJECT_VERSION = 1;
				DEVELOPMENT_ASSET_PATHS = "\"Landmarks/Preview Content\"";
				ENABLE_PREVIEWS = YES;
				GENERATE_INFOPLIST_FILE = YES;
				"INFOPLIST_KEY_UIApplicationSceneManifest_Generation[sdk=iphoneos*]" = YES;
				"INFOPLIST_KEY_UIApplicationSceneManifest_Generation[sdk=iphonesimulator*]" = YES;
				"INFOPLIST_KEY_UIApplicationSupportsIndirectInputEvents[sdk=iphoneos*]" = YES;
				"INFOPLIST_KEY_UIApplicationSupportsIndirectInputEvents[sdk=iphonesimulator*]" = YES;
				"INFOPLIST_KEY_UILaunchScreen_Generation[sdk=iphoneos*]" = YES;
				"INFOPLIST_KEY_UILaunchScreen_Generation[sdk=iphonesimulator*]" = YES;
				"INFOPLIST_KEY_UIStatusBarStyle[sdk=iphoneos*]" = UIStatusBarStyleDefault;
				"INFOPLIST_KEY_UIStatusBarStyle[sdk=iphonesimulator*]" = UIStatusBarStyleDefault;
				INFOPLIST_KEY_UISupportedInterfaceOrientations_iPad = "UIInterfaceOrientationPortrait UIInterfaceOrientationPortraitUpsideDown UIInterfaceOrientationLandscapeLeft UIInterfaceOrientationLandscapeRight";
				INFOPLIST_KEY_UISupportedInterfaceOrientations_iPhone = "UIInterfaceOrientationPortrait UIInterfaceOrientationLandscapeLeft UIInterfaceOrientationLandscapeRight";
				IPHONEOS_DEPLOYMENT_TARGET = 17.4;
				LD_RUNPATH_SEARCH_PATHS = "@executable_path/Frameworks";
				"LD_RUNPATH_SEARCH_PATHS[sdk=macosx*]" = "@executable_path/../Frameworks";
				MACOSX_DEPLOYMENT_TARGET = 14.4;
				MARKETING_VERSION = 1.0;
				PRODUCT_BUNDLE_IDENTIFIER = com.training.Landmarks;
				PRODUCT_NAME = "$(TARGET_NAME)";
				SDKROOT = auto;
				SUPPORTED_PLATFORMS = "iphoneos iphonesimulator macosx";
				SWIFT_EMIT_LOC_STRINGS = YES;
				SWIFT_VERSION = 5.0;
				TARGETED_DEVICE_FAMILY = "1,2";
			};
			name = Release;
		};
		924542752BC4187300CC7C90 /* Debug */ = {
			isa = XCBuildConfiguration;
			buildSettings = {
				ALWAYS_EMBED_SWIFT_STANDARD_LIBRARIES = YES;
				BUNDLE_LOADER = "$(TEST_HOST)";
				CODE_SIGN_STYLE = Automatic;
				CURRENT_PROJECT_VERSION = 1;
				GENERATE_INFOPLIST_FILE = YES;
				IPHONEOS_DEPLOYMENT_TARGET = 17.4;
				MACOSX_DEPLOYMENT_TARGET = 14.4;
				MARKETING_VERSION = 1.0;
				PRODUCT_BUNDLE_IDENTIFIER = com.training.LandmarksTests;
				PRODUCT_NAME = "$(TARGET_NAME)";
				SDKROOT = auto;
				SUPPORTED_PLATFORMS = "iphoneos iphonesimulator macosx";
				SWIFT_EMIT_LOC_STRINGS = NO;
				SWIFT_VERSION = 5.0;
				TARGETED_DEVICE_FAMILY = "1,2";
				TEST_HOST = "$(BUILT_PRODUCTS_DIR)/Landmarks.app/$(BUNDLE_EXECUTABLE_FOLDER_PATH)/Landmarks";
			};
			name = Debug;
		};
		924542762BC4187300CC7C90 /* Release */ = {
			isa = XCBuildConfiguration;
			buildSettings = {
				ALWAYS_EMBED_SWIFT_STANDARD_LIBRARIES = YES;
				BUNDLE_LOADER = "$(TEST_HOST)";
				CODE_SIGN_STYLE = Automatic;
				CURRENT_PROJECT_VERSION = 1;
				GENERATE_INFOPLIST_FILE = YES;
				IPHONEOS_DEPLOYMENT_TARGET = 17.4;
				MACOSX_DEPLOYMENT_TARGET = 14.4;
				MARKETING_VERSION = 1.0;
				PRODUCT_BUNDLE_IDENTIFIER = com.training.LandmarksTests;
				PRODUCT_NAME = "$(TARGET_NAME)";
				SDKROOT = auto;
				SUPPORTED_PLATFORMS = "iphoneos iphonesimulator macosx";
				SWIFT_EMIT_LOC_STRINGS = NO;
				SWIFT_VERSION = 5.0;
				TARGETED_DEVICE_FAMILY = "1,2";
				TEST_HOST = "$(BUILT_PRODUCTS_DIR)/Landmarks.app/$(BUNDLE_EXECUTABLE_FOLDER_PATH)/Landmarks";
			};
			name = Release;
		};
		924542782BC4187300CC7C90 /* Debug */ = {
			isa = XCBuildConfiguration;
			buildSettings = {
				ALWAYS_EMBED_SWIFT_STANDARD_LIBRARIES = YES;
				CODE_SIGN_STYLE = Automatic;
				CURRENT_PROJECT_VERSION = 1;
				GENERATE_INFOPLIST_FILE = YES;
				IPHONEOS_DEPLOYMENT_TARGET = 17.4;
				MACOSX_DEPLOYMENT_TARGET = 14.4;
				MARKETING_VERSION = 1.0;
				PRODUCT_BUNDLE_IDENTIFIER = com.training.LandmarksUITests;
				PRODUCT_NAME = "$(TARGET_NAME)";
				SDKROOT = auto;
				SUPPORTED_PLATFORMS = "iphoneos iphonesimulator macosx";
				SWIFT_EMIT_LOC_STRINGS = NO;
				SWIFT_VERSION = 5.0;
				TARGETED_DEVICE_FAMILY = "1,2";
				TEST_TARGET_NAME = Landmarks;
			};
			name = Debug;
		};
		924542792BC4187300CC7C90 /* Release */ = {
			isa = XCBuildConfiguration;
			buildSettings = {
				ALWAYS_EMBED_SWIFT_STANDARD_LIBRARIES = YES;
				CODE_SIGN_STYLE = Automatic;
				CURRENT_PROJECT_VERSION = 1;
				GENERATE_INFOPLIST_FILE = YES;
				IPHONEOS_DEPLOYMENT_TARGET = 17.4;
				MACOSX_DEPLOYMENT_TARGET = 14.4;
				MARKETING_VERSION = 1.0;
				PRODUCT_BUNDLE_IDENTIFIER = com.training.LandmarksUITests;
				PRODUCT_NAME = "$(TARGET_NAME)";
				SDKROOT = auto;
				SUPPORTED_PLATFORMS = "iphoneos iphonesimulator macosx";
				SWIFT_EMIT_LOC_STRINGS = NO;
				SWIFT_VERSION = 5.0;
				TARGETED_DEVICE_FAMILY = "1,2";
				TEST_TARGET_NAME = Landmarks;
			};
			name = Release;
		};
/* End XCBuildConfiguration section */

/* Begin XCConfigurationList section */
		924542472BC4187200CC7C90 /* Build configuration list for PBXProject "Landmarks" */ = {
			isa = XCConfigurationList;
			buildConfigurations = (
				9245426F2BC4187300CC7C90 /* Debug */,
				924542702BC4187300CC7C90 /* Release */,
			);
			defaultConfigurationIsVisible = 0;
			defaultConfigurationName = Release;
		};
		924542712BC4187300CC7C90 /* Build configuration list for PBXNativeTarget "Landmarks" */ = {
			isa = XCConfigurationList;
			buildConfigurations = (
				924542722BC4187300CC7C90 /* Debug */,
				924542732BC4187300CC7C90 /* Release */,
			);
			defaultConfigurationIsVisible = 0;
			defaultConfigurationName = Release;
		};
		924542742BC4187300CC7C90 /* Build configuration list for PBXNativeTarget "LandmarksTests" */ = {
			isa = XCConfigurationList;
			buildConfigurations = (
				924542752BC4187300CC7C90 /* Debug */,
				924542762BC4187300CC7C90 /* Release */,
			);
			defaultConfigurationIsVisible = 0;
			defaultConfigurationName = Release;
		};
		924542772BC4187300CC7C90 /* Build configuration list for PBXNativeTarget "LandmarksUITests" */ = {
			isa = XCConfigurationList;
			buildConfigurations = (
				924542782BC4187300CC7C90 /* Debug */,
				924542792BC4187300CC7C90 /* Release */,
			);
			defaultConfigurationIsVisible = 0;
			defaultConfigurationName = Release;
		};
/* End XCConfigurationList section */
	};
	rootObject = 924542442BC4187200CC7C90 /* Project object */;
}
